
Microsoft Visual Studio Solution File, Format Version 12.00
# Visual Studio Version 16
VisualStudioVersion = 16.0.29025.244
MinimumVisualStudioVersion = 10.0.40219.1
Project("{FAE04EC0-301F-11D3-BF4B-00C04F79EFBC}") = "ANSItoUTF8", "ANSItoUTF8\ANSItoUTF8.csproj", "{082B2E55-3BFE-4418-B427-FDFC1D7659B1}"
EndProject
Global
	GlobalSection(SolutionConfigurationPlatforms) = preSolution
		Debug|Any CPU = Debug|Any CPU
		Release|Any CPU = Release|Any CPU
	EndGlobalSection
	GlobalSection(ProjectConfigurationPlatforms) = postSolution
		{082B2E55-3BFE-4418-B427-FDFC1D7659B1}.Debug|Any CPU.ActiveCfg = Debug|Any CPU
		{082B2E55-3BFE-4418-B427-FDFC1D7659B1}.Debug|Any CPU.Build.0 = Debug|Any CPU
		{082B2E55-3BFE-4418-B427-FDFC1D7659B1}.Release|Any CPU.ActiveCfg = Release|Any CPU
		{082B2E55-3BFE-4418-B427-FDFC1D7659B1}.Release|Any CPU.Build.0 = Release|Any CPU
	EndGlobalSection
	GlobalSection(SolutionProperties) = preSolution
		HideSolutionNode = FALSE
	EndGlobalSection
	GlobalSection(ExtensibilityGlobals) = postSolution
		SolutionGuid = {430BD559-410E-4FDC-A01B-946D11355BEB}
	EndGlobalSection
EndGlobal
